
Microsoft Visual Studio Solution File, Format Version 12.00
# Visual Studio Version 17
VisualStudioVersion = 17.0.31903.59
MinimumVisualStudioVersion = 10.0.40219.1
Project("{FAE04EC0-301F-11D3-BF4B-00C04F79EFBC}") = "task05", "task05\task05.csproj", "{F19E2F51-E92A-4FBE-8932-E7940F732EB9}"
EndProject
Project("{FAE04EC0-301F-11D3-BF4B-00C04F79EFBC}") = "task05tests", "task05tests\task05tests.csproj", "{4DCA3008-94A2-4761-81DB-6DF222AC0BF4}"
EndProject
Global
	GlobalSection(SolutionConfigurationPlatforms) = preSolution
		Debug|Any CPU = Debug|Any CPU
		Debug|x64 = Debug|x64
		Debug|x86 = Debug|x86
		Release|Any CPU = Release|Any CPU
		Release|x64 = Release|x64
		Release|x86 = Release|x86
	EndGlobalSection
	GlobalSection(ProjectConfigurationPlatforms) = postSolution
		{F19E2F51-E92A-4FBE-8932-E7940F732EB9}.Debug|Any CPU.ActiveCfg = Debug|Any CPU
		{F19E2F51-E92A-4FBE-8932-E7940F732EB9}.Debug|Any CPU.Build.0 = Debug|Any CPU
		{F19E2F51-E92A-4FBE-8932-E7940F732EB9}.Debug|x64.ActiveCfg = Debug|Any CPU
		{F19E2F51-E92A-4FBE-8932-E7940F732EB9}.Debug|x64.Build.0 = Debug|Any CPU
		{F19E2F51-E92A-4FBE-8932-E7940F732EB9}.Debug|x86.ActiveCfg = Debug|Any CPU
		{F19E2F51-E92A-4FBE-8932-E7940F732EB9}.Debug|x86.Build.0 = Debug|Any CPU
		{F19E2F51-E92A-4FBE-8932-E7940F732EB9}.Release|Any CPU.ActiveCfg = Release|Any CPU
		{F19E2F51-E92A-4FBE-8932-E7940F732EB9}.Release|Any CPU.Build.0 = Release|Any CPU
		{F19E2F51-E92A-4FBE-8932-E7940F732EB9}.Release|x64.ActiveCfg = Release|Any CPU
		{F19E2F51-E92A-4FBE-8932-E7940F732EB9}.Release|x64.Build.0 = Release|Any CPU
		{F19E2F51-E92A-4FBE-8932-E7940F732EB9}.Release|x86.ActiveCfg = Release|Any CPU
		{F19E2F51-E92A-4FBE-8932-E7940F732EB9}.Release|x86.Build.0 = Release|Any CPU
		{4DCA3008-94A2-4761-81DB-6DF222AC0BF4}.Debug|Any CPU.ActiveCfg = Debug|Any CPU
		{4DCA3008-94A2-4761-81DB-6DF222AC0BF4}.Debug|Any CPU.Build.0 = Debug|Any CPU
		{4DCA3008-94A2-4761-81DB-6DF222AC0BF4}.Debug|x64.ActiveCfg = Debug|Any CPU
		{4DCA3008-94A2-4761-81DB-6DF222AC0BF4}.Debug|x64.Build.0 = Debug|Any CPU
		{4DCA3008-94A2-4761-81DB-6DF222AC0BF4}.Debug|x86.ActiveCfg = Debug|Any CPU
		{4DCA3008-94A2-4761-81DB-6DF222AC0BF4}.Debug|x86.Build.0 = Debug|Any CPU
		{4DCA3008-94A2-4761-81DB-6DF222AC0BF4}.Release|Any CPU.ActiveCfg = Release|Any CPU
		{4DCA3008-94A2-4761-81DB-6DF222AC0BF4}.Release|Any CPU.Build.0 = Release|Any CPU
		{4DCA3008-94A2-4761-81DB-6DF222AC0BF4}.Release|x64.ActiveCfg = Release|Any CPU
		{4DCA3008-94A2-4761-81DB-6DF222AC0BF4}.Release|x64.Build.0 = Release|Any CPU
		{4DCA3008-94A2-4761-81DB-6DF222AC0BF4}.Release|x86.ActiveCfg = Release|Any CPU
		{4DCA3008-94A2-4761-81DB-6DF222AC0BF4}.Release|x86.Build.0 = Release|Any CPU
	EndGlobalSection
	GlobalSection(SolutionProperties) = preSolution
		HideSolutionNode = FALSE
	EndGlobalSection
EndGlobal
