
Microsoft Visual Studio Solution File, Format Version 12.00
# Visual Studio Version 17
VisualStudioVersion = 17.0.31903.59
MinimumVisualStudioVersion = 10.0.40219.1
Project("{FAE04EC0-301F-11D3-BF4B-00C04F79EFBC}") = "PluginLoader", "PluginLoader\PluginLoader.csproj", "{7A0AE277-B73E-42AA-92D6-AF69A5D82646}"
EndProject
Project("{FAE04EC0-301F-11D3-BF4B-00C04F79EFBC}") = "Plugins", "Plugins\Plugins.csproj", "{99BED933-9C43-4328-AC1C-74F9EC0975EA}"
EndProject
Project("{FAE04EC0-301F-11D3-BF4B-00C04F79EFBC}") = "task10", "task10\task10.csproj", "{79028120-8043-473B-9170-A3FA7B8BF6E2}"
EndProject
Global
	GlobalSection(SolutionConfigurationPlatforms) = preSolution
		Debug|Any CPU = Debug|Any CPU
		Debug|x64 = Debug|x64
		Debug|x86 = Debug|x86
		Release|Any CPU = Release|Any CPU
		Release|x64 = Release|x64
		Release|x86 = Release|x86
	EndGlobalSection
	GlobalSection(ProjectConfigurationPlatforms) = postSolution
		{7A0AE277-B73E-42AA-92D6-AF69A5D82646}.Debug|Any CPU.ActiveCfg = Debug|Any CPU
		{7A0AE277-B73E-42AA-92D6-AF69A5D82646}.Debug|Any CPU.Build.0 = Debug|Any CPU
		{7A0AE277-B73E-42AA-92D6-AF69A5D82646}.Debug|x64.ActiveCfg = Debug|Any CPU
		{7A0AE277-B73E-42AA-92D6-AF69A5D82646}.Debug|x64.Build.0 = Debug|Any CPU
		{7A0AE277-B73E-42AA-92D6-AF69A5D82646}.Debug|x86.ActiveCfg = Debug|Any CPU
		{7A0AE277-B73E-42AA-92D6-AF69A5D82646}.Debug|x86.Build.0 = Debug|Any CPU
		{7A0AE277-B73E-42AA-92D6-AF69A5D82646}.Release|Any CPU.ActiveCfg = Release|Any CPU
		{7A0AE277-B73E-42AA-92D6-AF69A5D82646}.Release|Any CPU.Build.0 = Release|Any CPU
		{7A0AE277-B73E-42AA-92D6-AF69A5D82646}.Release|x64.ActiveCfg = Release|Any CPU
		{7A0AE277-B73E-42AA-92D6-AF69A5D82646}.Release|x64.Build.0 = Release|Any CPU
		{7A0AE277-B73E-42AA-92D6-AF69A5D82646}.Release|x86.ActiveCfg = Release|Any CPU
		{7A0AE277-B73E-42AA-92D6-AF69A5D82646}.Release|x86.Build.0 = Release|Any CPU
		{99BED933-9C43-4328-AC1C-74F9EC0975EA}.Debug|Any CPU.ActiveCfg = Debug|Any CPU
		{99BED933-9C43-4328-AC1C-74F9EC0975EA}.Debug|Any CPU.Build.0 = Debug|Any CPU
		{99BED933-9C43-4328-AC1C-74F9EC0975EA}.Debug|x64.ActiveCfg = Debug|Any CPU
		{99BED933-9C43-4328-AC1C-74F9EC0975EA}.Debug|x64.Build.0 = Debug|Any CPU
		{99BED933-9C43-4328-AC1C-74F9EC0975EA}.Debug|x86.ActiveCfg = Debug|Any CPU
		{99BED933-9C43-4328-AC1C-74F9EC0975EA}.Debug|x86.Build.0 = Debug|Any CPU
		{99BED933-9C43-4328-AC1C-74F9EC0975EA}.Release|Any CPU.ActiveCfg = Release|Any CPU
		{99BED933-9C43-4328-AC1C-74F9EC0975EA}.Release|Any CPU.Build.0 = Release|Any CPU
		{99BED933-9C43-4328-AC1C-74F9EC0975EA}.Release|x64.ActiveCfg = Release|Any CPU
		{99BED933-9C43-4328-AC1C-74F9EC0975EA}.Release|x64.Build.0 = Release|Any CPU
		{99BED933-9C43-4328-AC1C-74F9EC0975EA}.Release|x86.ActiveCfg = Release|Any CPU
		{99BED933-9C43-4328-AC1C-74F9EC0975EA}.Release|x86.Build.0 = Release|Any CPU
		{79028120-8043-473B-9170-A3FA7B8BF6E2}.Debug|Any CPU.ActiveCfg = Debug|Any CPU
		{79028120-8043-473B-9170-A3FA7B8BF6E2}.Debug|Any CPU.Build.0 = Debug|Any CPU
		{79028120-8043-473B-9170-A3FA7B8BF6E2}.Debug|x64.ActiveCfg = Debug|Any CPU
		{79028120-8043-473B-9170-A3FA7B8BF6E2}.Debug|x64.Build.0 = Debug|Any CPU
		{79028120-8043-473B-9170-A3FA7B8BF6E2}.Debug|x86.ActiveCfg = Debug|Any CPU
		{79028120-8043-473B-9170-A3FA7B8BF6E2}.Debug|x86.Build.0 = Debug|Any CPU
		{79028120-8043-473B-9170-A3FA7B8BF6E2}.Release|Any CPU.ActiveCfg = Release|Any CPU
		{79028120-8043-473B-9170-A3FA7B8BF6E2}.Release|Any CPU.Build.0 = Release|Any CPU
		{79028120-8043-473B-9170-A3FA7B8BF6E2}.Release|x64.ActiveCfg = Release|Any CPU
		{79028120-8043-473B-9170-A3FA7B8BF6E2}.Release|x64.Build.0 = Release|Any CPU
		{79028120-8043-473B-9170-A3FA7B8BF6E2}.Release|x86.ActiveCfg = Release|Any CPU
		{79028120-8043-473B-9170-A3FA7B8BF6E2}.Release|x86.Build.0 = Release|Any CPU
	EndGlobalSection
	GlobalSection(SolutionProperties) = preSolution
		HideSolutionNode = FALSE
	EndGlobalSection
EndGlobal
